
Microsoft Visual Studio Solution File, Format Version 12.00
# Visual Studio Version 16
VisualStudioVersion = 16.0.29123.88
MinimumVisualStudioVersion = 10.0.40219.1
Project("{8BC9CEB8-8B4A-11D0-8D11-00A0C91BC942}") = "ProjetoDama", "ProjetoDama.vcxproj", "{1A7D5076-D5E0-439F-9BF7-7CB498832F01}"
EndProject
Global
	GlobalSection(SolutionConfigurationPlatforms) = preSolution
		Debug|x64 = Debug|x64
		Debug|x86 = Debug|x86
		Release|x64 = Release|x64
		Release|x86 = Release|x86
	EndGlobalSection
	GlobalSection(ProjectConfigurationPlatforms) = postSolution
		{1A7D5076-D5E0-439F-9BF7-7CB498832F01}.Debug|x64.ActiveCfg = Debug|x64
		{1A7D5076-D5E0-439F-9BF7-7CB498832F01}.Debug|x64.Build.0 = Debug|x64
		{1A7D5076-D5E0-439F-9BF7-7CB498832F01}.Debug|x86.ActiveCfg = Debug|Win32
		{1A7D5076-D5E0-439F-9BF7-7CB498832F01}.Debug|x86.Build.0 = Debug|Win32
		{1A7D5076-D5E0-439F-9BF7-7CB498832F01}.Release|x64.ActiveCfg = Release|x64
		{1A7D5076-D5E0-439F-9BF7-7CB498832F01}.Release|x64.Build.0 = Release|x64
		{1A7D5076-D5E0-439F-9BF7-7CB498832F01}.Release|x86.ActiveCfg = Release|Win32
		{1A7D5076-D5E0-439F-9BF7-7CB498832F01}.Release|x86.Build.0 = Release|Win32
	EndGlobalSection
	GlobalSection(SolutionProperties) = preSolution
		HideSolutionNode = FALSE
	EndGlobalSection
	GlobalSection(ExtensibilityGlobals) = postSolution
		SolutionGuid = {F7A7758B-AF8A-4071-8A3F-A0657C525BBB}
	EndGlobalSection
EndGlobal
